
Microsoft Visual Studio Solution File, Format Version 12.00
# Visual Studio Version 16
VisualStudioVersion = 25.0.1706.5
MinimumVisualStudioVersion = 10.0.40219.1
Project("{FAE04EC0-301F-11D3-BF4B-00C04F79EFBC}") = "EnvatoMarket", "EnvatoMarket\EnvatoMarket.csproj", "{868EDBF2-0965-4580-BDC6-684A2CD2DACA}"
EndProject
Global
	GlobalSection(SolutionConfigurationPlatforms) = preSolution
		Debug|Any CPU = Debug|Any CPU
		Release|Any CPU = Release|Any CPU
	EndGlobalSection
	GlobalSection(ProjectConfigurationPlatforms) = postSolution
		{868EDBF2-0965-4580-BDC6-684A2CD2DACA}.Debug|Any CPU.ActiveCfg = Debug|Any CPU
		{868EDBF2-0965-4580-BDC6-684A2CD2DACA}.Debug|Any CPU.Build.0 = Debug|Any CPU
		{868EDBF2-0965-4580-BDC6-684A2CD2DACA}.Release|Any CPU.ActiveCfg = Release|Any CPU
		{868EDBF2-0965-4580-BDC6-684A2CD2DACA}.Release|Any CPU.Build.0 = Release|Any CPU
	EndGlobalSection
	GlobalSection(SolutionProperties) = preSolution
		HideSolutionNode = FALSE
	EndGlobalSection
	GlobalSection(ExtensibilityGlobals) = postSolution
		SolutionGuid = {B7296C08-97AA-434F-9D41-05ECF0D720B9}
	EndGlobalSection
EndGlobal
